
Microsoft Visual Studio Solution File, Format Version 12.00
# Visual Studio Version 17
VisualStudioVersion = 17.5.33530.505
MinimumVisualStudioVersion = 10.0.40219.1
Project("{FAE04EC0-301F-11D3-BF4B-00C04F79EFBC}") = "CodingChallenge_Nextech", "CodingChallenge_Nextech\CodingChallenge_Nextech.csproj", "{2C58ED7C-CB14-48AB-AB1C-483B7CB1546F}"
EndProject
Global
	GlobalSection(SolutionConfigurationPlatforms) = preSolution
		Debug|Any CPU = Debug|Any CPU
		Release|Any CPU = Release|Any CPU
	EndGlobalSection
	GlobalSection(ProjectConfigurationPlatforms) = postSolution
		{2C58ED7C-CB14-48AB-AB1C-483B7CB1546F}.Debug|Any CPU.ActiveCfg = Debug|Any CPU
		{2C58ED7C-CB14-48AB-AB1C-483B7CB1546F}.Debug|Any CPU.Build.0 = Debug|Any CPU
		{2C58ED7C-CB14-48AB-AB1C-483B7CB1546F}.Release|Any CPU.ActiveCfg = Release|Any CPU
		{2C58ED7C-CB14-48AB-AB1C-483B7CB1546F}.Release|Any CPU.Build.0 = Release|Any CPU
	EndGlobalSection
	GlobalSection(SolutionProperties) = preSolution
		HideSolutionNode = FALSE
	EndGlobalSection
	GlobalSection(ExtensibilityGlobals) = postSolution
		SolutionGuid = {2FB943D3-7B43-4E85-8C57-2645518640F5}
	EndGlobalSection
EndGlobal
